
Microsoft Visual Studio Solution File, Format Version 12.00
# Visual Studio Version 17
VisualStudioVersion = 17.5.33530.505
MinimumVisualStudioVersion = 10.0.40219.1
Project("{9A19103F-16F7-4668-BE54-9A1E7A4F7556}") = "MVC-Intro-Demo", "MVC-Intro-Demo\MVC-Intro-Demo.csproj", "{46FC3668-9CCA-498B-90E9-82C6E3E56C93}"
EndProject
Project("{9A19103F-16F7-4668-BE54-9A1E7A4F7556}") = "TextSplitterApp", "TextSplitterApp\TextSplitterApp.csproj", "{6E9F7589-BAF9-4C8D-8B8A-539A565AF1C6}"
EndProject
Project("{FAE04EC0-301F-11D3-BF4B-00C04F79EFBC}") = "ChatApp", "ChatApp\ChatApp.csproj", "{45E2BCEB-EDB8-4D2F-9CD3-90FDBAEAFAE8}"
EndProject
Global
	GlobalSection(SolutionConfigurationPlatforms) = preSolution
		Debug|Any CPU = Debug|Any CPU
		Release|Any CPU = Release|Any CPU
	EndGlobalSection
	GlobalSection(ProjectConfigurationPlatforms) = postSolution
		{46FC3668-9CCA-498B-90E9-82C6E3E56C93}.Debug|Any CPU.ActiveCfg = Debug|Any CPU
		{46FC3668-9CCA-498B-90E9-82C6E3E56C93}.Debug|Any CPU.Build.0 = Debug|Any CPU
		{46FC3668-9CCA-498B-90E9-82C6E3E56C93}.Release|Any CPU.ActiveCfg = Release|Any CPU
		{46FC3668-9CCA-498B-90E9-82C6E3E56C93}.Release|Any CPU.Build.0 = Release|Any CPU
		{6E9F7589-BAF9-4C8D-8B8A-539A565AF1C6}.Debug|Any CPU.ActiveCfg = Debug|Any CPU
		{6E9F7589-BAF9-4C8D-8B8A-539A565AF1C6}.Debug|Any CPU.Build.0 = Debug|Any CPU
		{6E9F7589-BAF9-4C8D-8B8A-539A565AF1C6}.Release|Any CPU.ActiveCfg = Release|Any CPU
		{6E9F7589-BAF9-4C8D-8B8A-539A565AF1C6}.Release|Any CPU.Build.0 = Release|Any CPU
		{45E2BCEB-EDB8-4D2F-9CD3-90FDBAEAFAE8}.Debug|Any CPU.ActiveCfg = Debug|Any CPU
		{45E2BCEB-EDB8-4D2F-9CD3-90FDBAEAFAE8}.Debug|Any CPU.Build.0 = Debug|Any CPU
		{45E2BCEB-EDB8-4D2F-9CD3-90FDBAEAFAE8}.Release|Any CPU.ActiveCfg = Release|Any CPU
		{45E2BCEB-EDB8-4D2F-9CD3-90FDBAEAFAE8}.Release|Any CPU.Build.0 = Release|Any CPU
	EndGlobalSection
	GlobalSection(SolutionProperties) = preSolution
		HideSolutionNode = FALSE
	EndGlobalSection
	GlobalSection(ExtensibilityGlobals) = postSolution
		SolutionGuid = {3B8454B9-C53E-4215-9A93-E9E7BC5714D6}
	EndGlobalSection
EndGlobal
